// !$*UTF8*$!
{
	archiveVersion = 1;
	classes = {
	};
	objectVersion = 46;
	objects = {

/* Begin PBXBuildFile section */
		270A004E62CF9A59FC9E866A /* MusicPlayerTests.swift in Sources */ = {isa = PBXBuildFile; fileRef = 270A0E116AE842298FBAED1E /* MusicPlayerTests.swift */; };
		270A00C287489050E50F1643 /* MusicPlayerUITests.swift in Sources */ = {isa = PBXBuildFile; fileRef = 270A0F8DD803ECEB394C78EB /* MusicPlayerUITests.swift */; };
		270A08126E7777B63D2FF128 /* AppDelegate.swift in Sources */ = {isa = PBXBuildFile; fileRef = 270A0EDF3B0E5535DDF910A5 /* AppDelegate.swift */; };
		270A0BFFDBC165DACDE3B715 /* Main.storyboard in Resources */ = {isa = PBXBuildFile; fileRef = 270A0C7539FDE61196DF9E95 /* Main.storyboard */; };
		270A0CE0399254F83D48A9B0 /* LaunchScreen.storyboard in Resources */ = {isa = PBXBuildFile; fileRef = 270A07DF765910F5CD907E5A /* LaunchScreen.storyboard */; };
		270A0E13F10A98A1036F120F /* Assets.xcassets in Resources */ = {isa = PBXBuildFile; fileRef = 270A02ABA8DCE07D33252126 /* Assets.xcassets */; };
		270A0E218F6FF218FFB8033B /* ViewController.swift in Sources */ = {isa = PBXBuildFile; fileRef = 270A0BF72B524A0EC6B59232 /* ViewController.swift */; };
		270A0E844019FCB0F151C537 /* SceneDelegate.swift in Sources */ = {isa = PBXBuildFile; fileRef = 270A0ADD33C02FC31D57E75A /* SceneDelegate.swift */; };
/* End PBXBuildFile section */

/* Begin PBXContainerItemProxy section */
		270A0E0FCA167BEF134E550F /* PBXContainerItemProxy */ = {
			isa = PBXContainerItemProxy;
			containerPortal = 270A0F7811D37C4531190B81 /* Project object */;
			proxyType = 1;
			remoteGlobalIDString = 270A0B2B16278E71D2AD2836;
			remoteInfo = MusicPlayer;
		};
		270A0F5A29FEFDECB8219563 /* PBXContainerItemProxy */ = {
			isa = PBXContainerItemProxy;
			containerPortal = 270A0F7811D37C4531190B81 /* Project object */;
			proxyType = 1;
			remoteGlobalIDString = 270A0B2B16278E71D2AD2836;
			remoteInfo = MusicPlayer;
		};
/* End PBXContainerItemProxy section */

/* Begin PBXFileReference section */
		270A00B089610537BE174164 /* Base */ = {isa = PBXFileReference; lastKnownFileType = file.storyboard; name = Base; path = Base.lproj/LaunchScreen.storyboard; sourceTree = "<group>"; };
		270A00F60B00A3AEC58BDDB5 /* Info.plist */ = {isa = PBXFileReference; lastKnownFileType = text.plist.info; path = Info.plist; sourceTree = "<group>"; };
		270A02ABA8DCE07D33252126 /* Assets.xcassets */ = {isa = PBXFileReference; lastKnownFileType = folder.assetcatalog; path = Assets.xcassets; sourceTree = "<group>"; };
		270A04AA8F4740C2CE0463E6 /* Base */ = {isa = PBXFileReference; lastKnownFileType = file.storyboard; name = Base; path = Base.lproj/Main.storyboard; sourceTree = "<group>"; };
		270A077D51A96E498EE738FE /* MusicPlayerUITests.xctest */ = {isa = PBXFileReference; explicitFileType = wrapper.cfbundle; includeInIndex = 0; path = MusicPlayerUITests.xctest; sourceTree = BUILT_PRODUCTS_DIR; };
		270A07BA73B4D412672D37E9 /* MusicPlayerTests.xctest */ = {isa = PBXFileReference; explicitFileType = wrapper.cfbundle; includeInIndex = 0; path = MusicPlayerTests.xctest; sourceTree = BUILT_PRODUCTS_DIR; };
		270A08783F6928CAFA722F82 /* Info.plist */ = {isa = PBXFileReference; lastKnownFileType = text.plist.info; path = Info.plist; sourceTree = "<group>"; };
		270A0ADD33C02FC31D57E75A /* SceneDelegate.swift */ = {isa = PBXFileReference; lastKnownFileType = sourcecode.swift; path = SceneDelegate.swift; sourceTree = "<group>"; };
		270A0BF72B524A0EC6B59232 /* ViewController.swift */ = {isa = PBXFileReference; lastKnownFileType = sourcecode.swift; path = ViewController.swift; sourceTree = "<group>"; };
		270A0CF9E94DFFF6DC63539B /* MusicPlayer.app */ = {isa = PBXFileReference; explicitFileType = wrapper.application; includeInIndex = 0; path = MusicPlayer.app; sourceTree = BUILT_PRODUCTS_DIR; };
		270A0E0389E72384943407F2 /* Info.plist */ = {isa = PBXFileReference; lastKnownFileType = text.plist.info; path = Info.plist; sourceTree = "<group>"; };
		270A0E116AE842298FBAED1E /* MusicPlayerTests.swift */ = {isa = PBXFileReference; lastKnownFileType = sourcecode.swift; path = MusicPlayerTests.swift; sourceTree = "<group>"; };
		270A0EDF3B0E5535DDF910A5 /* AppDelegate.swift */ = {isa = PBXFileReference; lastKnownFileType = sourcecode.swift; path = AppDelegate.swift; sourceTree = "<group>"; };
		270A0F8DD803ECEB394C78EB /* MusicPlayerUITests.swift */ = {isa = PBXFileReference; lastKnownFileType = sourcecode.swift; path = MusicPlayerUITests.swift; sourceTree = "<group>"; };
/* End PBXFileReference section */

/* Begin PBXFrameworksBuildPhase section */
		270A0172912CD68DD4CA53C1 /* Frameworks */ = {
			isa = PBXFrameworksBuildPhase;
			buildActionMask = 2147483647;
			files = (
			);
			runOnlyForDeploymentPostprocessing = 0;
		};
		270A053254B3FB5D6F2FFBB1 /* Frameworks */ = {
			isa = PBXFrameworksBuildPhase;
			buildActionMask = 2147483647;
			files = (
			);
			runOnlyForDeploymentPostprocessing = 0;
		};
		270A0658DE49AC00E477FA7A /* Frameworks */ = {
			isa = PBXFrameworksBuildPhase;
			buildActionMask = 2147483647;
			files = (
			);
			runOnlyForDeploymentPostprocessing = 0;
		};
/* End PBXFrameworksBuildPhase section */

/* Begin PBXGroup section */
		270A09338A7F47C64608024D = {
			isa = PBXGroup;
			children = (
				270A0ABB9F32D71C0F8EDFA6 /* Products */,
				270A0A469D0E130CE35A6CC3 /* MusicPlayer */,
				270A0E7B41933369F8065A17 /* MusicPlayerTests */,
				270A0EA8CC27D673F5171E92 /* MusicPlayerUITests */,
			);
			sourceTree = "<group>";
		};
		270A0A469D0E130CE35A6CC3 /* MusicPlayer */ = {
			isa = PBXGroup;
			children = (
				270A00F60B00A3AEC58BDDB5 /* Info.plist */,
				270A02ABA8DCE07D33252126 /* Assets.xcassets */,
				270A07DF765910F5CD907E5A /* LaunchScreen.storyboard */,
				270A0EDF3B0E5535DDF910A5 /* AppDelegate.swift */,
				270A0ADD33C02FC31D57E75A /* SceneDelegate.swift */,
				270A0BF72B524A0EC6B59232 /* ViewController.swift */,
				270A0C7539FDE61196DF9E95 /* Main.storyboard */,
			);
			path = MusicPlayer;
			sourceTree = "<group>";
		};
		270A0ABB9F32D71C0F8EDFA6 /* Products */ = {
			isa = PBXGroup;
			children = (
				270A0CF9E94DFFF6DC63539B /* MusicPlayer.app */,
				270A07BA73B4D412672D37E9 /* MusicPlayerTests.xctest */,
				270A077D51A96E498EE738FE /* MusicPlayerUITests.xctest */,
			);
			name = Products;
			sourceTree = "<group>";
		};
		270A0E7B41933369F8065A17 /* MusicPlayerTests */ = {
			isa = PBXGroup;
			children = (
				270A08783F6928CAFA722F82 /* Info.plist */,
				270A0E116AE842298FBAED1E /* MusicPlayerTests.swift */,
			);
			path = MusicPlayerTests;
			sourceTree = "<group>";
		};
		270A0EA8CC27D673F5171E92 /* MusicPlayerUITests */ = {
			isa = PBXGroup;
			children = (
				270A0E0389E72384943407F2 /* Info.plist */,
				270A0F8DD803ECEB394C78EB /* MusicPlayerUITests.swift */,
			);
			path = MusicPlayerUITests;
			sourceTree = "<group>";
		};
/* End PBXGroup section */

/* Begin PBXNativeTarget section */
		270A05EEB77F347D9F698880 /* MusicPlayerUITests */ = {
			isa = PBXNativeTarget;
			buildConfigurationList = 270A061CF8A41454CD9BA2E7 /* Build configuration list for PBXNativeTarget "MusicPlayerUITests" */;
			buildPhases = (
				270A00B0D26EDDA64F2A3ACC /* Sources */,
				270A053254B3FB5D6F2FFBB1 /* Frameworks */,
				270A00AC5D4576360EA9E2DE /* Resources */,
			);
			buildRules = (
			);
			dependencies = (
				270A043C456CDAA0662AE07D /* PBXTargetDependency */,
			);
			name = MusicPlayerUITests;
			productName = MusicPlayerUITests;
			productReference = 270A077D51A96E498EE738FE /* MusicPlayerUITests.xctest */;
			productType = "com.apple.product-type.bundle.ui-testing";
		};
		270A0A2B6B015E2264181E99 /* MusicPlayerTests */ = {
			isa = PBXNativeTarget;
			buildConfigurationList = 270A0691A322C36E8C3ECEB9 /* Build configuration list for PBXNativeTarget "MusicPlayerTests" */;
			buildPhases = (
				270A0BE26E1A09A03FE5983F /* Sources */,
				270A0172912CD68DD4CA53C1 /* Frameworks */,
				270A09B4210084C837AD98C8 /* Resources */,
			);
			buildRules = (
			);
			dependencies = (
				270A08AC5119976E36CA1B6A /* PBXTargetDependency */,
			);
			name = MusicPlayerTests;
			productName = MusicPlayerTests;
			productReference = 270A07BA73B4D412672D37E9 /* MusicPlayerTests.xctest */;
			productType = "com.apple.product-type.bundle.unit-test";
		};
		270A0B2B16278E71D2AD2836 /* MusicPlayer */ = {
			isa = PBXNativeTarget;
			buildConfigurationList = 270A0677838B8C2562D328FF /* Build configuration list for PBXNativeTarget "MusicPlayer" */;
			buildPhases = (
				270A0C4F725C9E6E478FF35A /* Sources */,
				270A0658DE49AC00E477FA7A /* Frameworks */,
				270A06C96B2F609AEC5734AF /* Resources */,
			);
			buildRules = (
			);
			dependencies = (
			);
			name = MusicPlayer;
			productName = MusicPlayer;
			productReference = 270A0CF9E94DFFF6DC63539B /* MusicPlayer.app */;
			productType = "com.apple.product-type.application";
		};
/* End PBXNativeTarget section */

/* Begin PBXProject section */
		270A0F7811D37C4531190B81 /* Project object */ = {
			isa = PBXProject;
			attributes = {
				ORGANIZATIONNAME = "___FULLUSERNAME___";
			};
			buildConfigurationList = 270A0CA15B48957B39CC573E /* Build configuration list for PBXProject "MusicPlayer" */;
			compatibilityVersion = "Xcode 3.2";
			developmentRegion = English;
			hasScannedForEncodings = 0;
			knownRegions = (
				en,
			);
			mainGroup = 270A09338A7F47C64608024D;
			productRefGroup = 270A0ABB9F32D71C0F8EDFA6 /* Products */;
			projectDirPath = "";
			projectRoot = "";
			targets = (
				270A0B2B16278E71D2AD2836 /* MusicPlayer */,
				270A0A2B6B015E2264181E99 /* MusicPlayerTests */,
				270A05EEB77F347D9F698880 /* MusicPlayerUITests */,
			);
		};
/* End PBXProject section */

/* Begin PBXResourcesBuildPhase section */
		270A00AC5D4576360EA9E2DE /* Resources */ = {
			isa = PBXResourcesBuildPhase;
			buildActionMask = 2147483647;
			files = (
			);
			runOnlyForDeploymentPostprocessing = 0;
		};
		270A06C96B2F609AEC5734AF /* Resources */ = {
			isa = PBXResourcesBuildPhase;
			buildActionMask = 2147483647;
			files = (
				270A0E13F10A98A1036F120F /* Assets.xcassets in Resources */,
				270A0CE0399254F83D48A9B0 /* LaunchScreen.storyboard in Resources */,
				270A0BFFDBC165DACDE3B715 /* Main.storyboard in Resources */,
			);
			runOnlyForDeploymentPostprocessing = 0;
		};
		270A09B4210084C837AD98C8 /* Resources */ = {
			isa = PBXResourcesBuildPhase;
			buildActionMask = 2147483647;
			files = (
			);
			runOnlyForDeploymentPostprocessing = 0;
		};
/* End PBXResourcesBuildPhase section */

/* Begin PBXSourcesBuildPhase section */
		270A00B0D26EDDA64F2A3ACC /* Sources */ = {
			isa = PBXSourcesBuildPhase;
			buildActionMask = 2147483647;
			files = (
				270A00C287489050E50F1643 /* MusicPlayerUITests.swift in Sources */,
			);
			runOnlyForDeploymentPostprocessing = 0;
		};
		270A0BE26E1A09A03FE5983F /* Sources */ = {
			isa = PBXSourcesBuildPhase;
			buildActionMask = 2147483647;
			files = (
				270A004E62CF9A59FC9E866A /* MusicPlayerTests.swift in Sources */,
			);
			runOnlyForDeploymentPostprocessing = 0;
		};
		270A0C4F725C9E6E478FF35A /* Sources */ = {
			isa = PBXSourcesBuildPhase;
			buildActionMask = 2147483647;
			files = (
				270A08126E7777B63D2FF128 /* AppDelegate.swift in Sources */,
				270A0E844019FCB0F151C537 /* SceneDelegate.swift in Sources */,
				270A0E218F6FF218FFB8033B /* ViewController.swift in Sources */,
			);
			runOnlyForDeploymentPostprocessing = 0;
		};
/* End PBXSourcesBuildPhase section */

/* Begin PBXTargetDependency section */
		270A043C456CDAA0662AE07D /* PBXTargetDependency */ = {
			isa = PBXTargetDependency;
			target = 270A0B2B16278E71D2AD2836 /* MusicPlayer */;
			targetProxy = 270A0E0FCA167BEF134E550F /* PBXContainerItemProxy */;
		};
		270A08AC5119976E36CA1B6A /* PBXTargetDependency */ = {
			isa = PBXTargetDependency;
			target = 270A0B2B16278E71D2AD2836 /* MusicPlayer */;
			targetProxy = 270A0F5A29FEFDECB8219563 /* PBXContainerItemProxy */;
		};
/* End PBXTargetDependency section */

/* Begin PBXVariantGroup section */
		270A07DF765910F5CD907E5A /* LaunchScreen.storyboard */ = {
			isa = PBXVariantGroup;
			children = (
				270A00B089610537BE174164 /* Base */,
			);
			name = LaunchScreen.storyboard;
			sourceTree = "<group>";
		};
		270A0C7539FDE61196DF9E95 /* Main.storyboard */ = {
			isa = PBXVariantGroup;
			children = (
				270A04AA8F4740C2CE0463E6 /* Base */,
			);
			name = Main.storyboard;
			sourceTree = "<group>";
		};
/* End PBXVariantGroup section */

/* Begin XCBuildConfiguration section */
		270A023E186B77E5A6E550BE /* Release */ = {
			isa = XCBuildConfiguration;
			buildSettings = {
				INFOPLIST_FILE = MusicPlayerUITests/Info.plist;
				LD_RUNPATH_SEARCH_PATHS = "$(inherited) @executable_path/Frameworks @loader_path/Frameworks";
				PRODUCT_BUNDLE_IDENTIFIER = ios.MusicPlayerUITests;
				PRODUCT_NAME = "$(TARGET_NAME)";
				SWIFT_VERSION = 5.0;
				TARGETED_DEVICE_FAMILY = "1,2";
				TEST_TARGET_NAME = MusicPlayer;
			};
			name = Release;
		};
		270A058D3B81372D9A2604AB /* Release */ = {
			isa = XCBuildConfiguration;
			buildSettings = {
				ASSETCATALOG_COMPILER_APPICON_NAME = AppIcon;
				INFOPLIST_FILE = MusicPlayer/Info.plist;
				LD_RUNPATH_SEARCH_PATHS = "$(inherited) @executable_path/Frameworks";
				PRODUCT_BUNDLE_IDENTIFIER = ios.MusicPlayer;
				PRODUCT_NAME = "$(TARGET_NAME)";
				SWIFT_VERSION = 5.0;
				TARGETED_DEVICE_FAMILY = "1,2";
			};
			name = Release;
		};
		270A083D0218BACCCC3E2D5A /* Release */ = {
			isa = XCBuildConfiguration;
			buildSettings = {
				BUNDLE_LOADER = "$(BUILT_PRODUCTS_DIR)/MusicPlayer.app/MusicPlayer";
				INFOPLIST_FILE = MusicPlayerTests/Info.plist;
				LD_RUNPATH_SEARCH_PATHS = "$(inherited) @executable_path/Frameworks @loader_path/Frameworks";
				PRODUCT_BUNDLE_IDENTIFIER = ios.MusicPlayerTests;
				PRODUCT_NAME = "$(TARGET_NAME)";
				SWIFT_VERSION = 5.0;
				TARGETED_DEVICE_FAMILY = "1,2";
				TEST_HOST = "$(BUNDLE_LOADER)";
			};
			name = Release;
		};
		270A09E1A731E913AB2C9563 /* Release */ = {
			isa = XCBuildConfiguration;
			buildSettings = {
				ALWAYS_SEARCH_USER_PATHS = NO;
				CLANG_ANALYZER_NONNULL = YES;
				CLANG_ANALYZER_NUMBER_OBJECT_CONVERSION = YES_AGGRESSIVE;
				CLANG_CXX_LANGUAGE_STANDARD = "gnu++14";
				CLANG_CXX_LIBRARY = "libc++";
				CLANG_ENABLE_MODULES = YES;
				CLANG_ENABLE_OBJC_ARC = YES;
				CLANG_ENABLE_OBJC_WEAK = YES;
				CLANG_WARN_BLOCK_CAPTURE_AUTORELEASING = YES;
				CLANG_WARN_BOOL_CONVERSION = YES;
				CLANG_WARN_COMMA = YES;
				CLANG_WARN_CONSTANT_CONVERSION = YES;
				CLANG_WARN_DEPRECATED_OBJC_IMPLEMENTATIONS = YES;
				CLANG_WARN_DIRECT_OBJC_ISA_USAGE = YES_ERROR;
				CLANG_WARN_DOCUMENTATION_COMMENTS = YES;
				CLANG_WARN_EMPTY_BODY = YES;
				CLANG_WARN_ENUM_CONVERSION = YES;
				CLANG_WARN_INFINITE_RECURSION = YES;
				CLANG_WARN_INT_CONVERSION = YES;
				CLANG_WARN_NON_LITERAL_NULL_CONVERSION = YES;
				CLANG_WARN_OBJC_IMPLICIT_RETAIN_SELF = YES;
				CLANG_WARN_OBJC_LITERAL_CONVERSION = YES;
				CLANG_WARN_OBJC_ROOT_CLASS = YES_ERROR;
				CLANG_WARN_RANGE_LOOP_ANALYSIS = YES;
				CLANG_WARN_STRICT_PROTOTYPES = YES;
				CLANG_WARN_SUSPICIOUS_MOVE = YES;
				CLANG_WARN_UNGUARDED_AVAILABILITY = YES_AGGRESSIVE;
				CLANG_WARN_UNREACHABLE_CODE = YES;
				CLANG_WARN__DUPLICATE_METHOD_MATCH = YES;
				COPY_PHASE_STRIP = NO;
				DEBUG_INFORMATION_FORMAT = "dwarf-with-dsym";
				ENABLE_NS_ASSERTIONS = NO;
				ENABLE_STRICT_OBJC_MSGSEND = YES;
				GCC_C_LANGUAGE_STANDARD = gnu11;
				GCC_NO_COMMON_BLOCKS = YES;
				GCC_WARN_64_TO_32_BIT_CONVERSION = YES;
				GCC_WARN_ABOUT_RETURN_TYPE = YES_ERROR;
				GCC_WARN_UNDECLARED_SELECTOR = YES;
				GCC_WARN_UNINITIALIZED_AUTOS = YES_AGGRESSIVE;
				GCC_WARN_UNUSED_FUNCTION = YES;
				GCC_WARN_UNUSED_VARIABLE = YES;
				IPHONEOS_DEPLOYMENT_TARGET = 13.2;
				MTL_ENABLE_DEBUG_INFO = NO;
				MTL_FAST_MATH = YES;
				SDKROOT = iphoneos;
				SWIFT_COMPILATION_MODE = wholemodule;
				SWIFT_OPTIMIZATION_LEVEL = "-O";
				VALIDATE_PRODUCT = YES;
			};
			name = Release;
		};
		270A0A2A1B4D700C313E2862 /* Debug */ = {
			isa = XCBuildConfiguration;
			buildSettings = {
				INFOPLIST_FILE = MusicPlayerUITests/Info.plist;
				LD_RUNPATH_SEARCH_PATHS = "$(inherited) @executable_path/Frameworks @loader_path/Frameworks";
				PRODUCT_BUNDLE_IDENTIFIER = ios.MusicPlayerUITests;
				PRODUCT_NAME = "$(TARGET_NAME)";
				SWIFT_VERSION = 5.0;
				TARGETED_DEVICE_FAMILY = "1,2";
				TEST_TARGET_NAME = MusicPlayer;
			};
			name = Debug;
		};
		270A0B2496697C6EFBABA295 /* Debug */ = {
			isa = XCBuildConfiguration;
			buildSettings = {
				ASSETCATALOG_COMPILER_APPICON_NAME = AppIcon;
				INFOPLIST_FILE = MusicPlayer/Info.plist;
				LD_RUNPATH_SEARCH_PATHS = "$(inherited) @executable_path/Frameworks";
				PRODUCT_BUNDLE_IDENTIFIER = ios.MusicPlayer;
				PRODUCT_NAME = "$(TARGET_NAME)";
				SWIFT_VERSION = 5.0;
				TARGETED_DEVICE_FAMILY = "1,2";
			};
			name = Debug;
		};
		270A0C1B11C0065265273EF2 /* Debug */ = {
			isa = XCBuildConfiguration;
			buildSettings = {
				ALWAYS_SEARCH_USER_PATHS = NO;
				CLANG_ANALYZER_NONNULL = YES;
				CLANG_ANALYZER_NUMBER_OBJECT_CONVERSION = YES_AGGRESSIVE;
				CLANG_CXX_LANGUAGE_STANDARD = "gnu++14";
				CLANG_CXX_LIBRARY = "libc++";
				CLANG_ENABLE_MODULES = YES;
				CLANG_ENABLE_OBJC_ARC = YES;
				CLANG_ENABLE_OBJC_WEAK = YES;
				CLANG_WARN_BLOCK_CAPTURE_AUTORELEASING = YES;
				CLANG_WARN_BOOL_CONVERSION = YES;
				CLANG_WARN_COMMA = YES;
				CLANG_WARN_CONSTANT_CONVERSION = YES;
				CLANG_WARN_DEPRECATED_OBJC_IMPLEMENTATIONS = YES;
				CLANG_WARN_DIRECT_OBJC_ISA_USAGE = YES_ERROR;
				CLANG_WARN_DOCUMENTATION_COMMENTS = YES;
				CLANG_WARN_EMPTY_BODY = YES;
				CLANG_WARN_ENUM_CONVERSION = YES;
				CLANG_WARN_INFINITE_RECURSION = YES;
				CLANG_WARN_INT_CONVERSION = YES;
				CLANG_WARN_NON_LITERAL_NULL_CONVERSION = YES;
				CLANG_WARN_OBJC_IMPLICIT_RETAIN_SELF = YES;
				CLANG_WARN_OBJC_LITERAL_CONVERSION = YES;
				CLANG_WARN_OBJC_ROOT_CLASS = YES_ERROR;
				CLANG_WARN_RANGE_LOOP_ANALYSIS = YES;
				CLANG_WARN_STRICT_PROTOTYPES = YES;
				CLANG_WARN_SUSPICIOUS_MOVE = YES;
				CLANG_WARN_UNGUARDED_AVAILABILITY = YES_AGGRESSIVE;
				CLANG_WARN_UNREACHABLE_CODE = YES;
				CLANG_WARN__DUPLICATE_METHOD_MATCH = YES;
				COPY_PHASE_STRIP = NO;
				DEBUG_INFORMATION_FORMAT = dwarf;
				ENABLE_STRICT_OBJC_MSGSEND = YES;
				ENABLE_TESTABILITY = YES;
				GCC_C_LANGUAGE_STANDARD = gnu11;
				GCC_DYNAMIC_NO_PIC = NO;
				GCC_NO_COMMON_BLOCKS = YES;
				GCC_OPTIMIZATION_LEVEL = 0;
				GCC_PREPROCESSOR_DEFINITIONS = (
					"DEBUG=1",
					"$(inherited)",
				);
				GCC_WARN_64_TO_32_BIT_CONVERSION = YES;
				GCC_WARN_ABOUT_RETURN_TYPE = YES_ERROR;
				GCC_WARN_UNDECLARED_SELECTOR = YES;
				GCC_WARN_UNINITIALIZED_AUTOS = YES_AGGRESSIVE;
				GCC_WARN_UNUSED_FUNCTION = YES;
				GCC_WARN_UNUSED_VARIABLE = YES;
				IPHONEOS_DEPLOYMENT_TARGET = 13.2;
				MTL_ENABLE_DEBUG_INFO = INCLUDE_SOURCE;
				MTL_FAST_MATH = YES;
				ONLY_ACTIVE_ARCH = YES;
				SDKROOT = iphoneos;
				SWIFT_ACTIVE_COMPILATION_CONDITIONS = DEBUG;
				SWIFT_OPTIMIZATION_LEVEL = "-Onone";
			};
			name = Debug;
		};
		270A0DBA8FD2A8BC383CB9FD /* Debug */ = {
			isa = XCBuildConfiguration;
			buildSettings = {
				BUNDLE_LOADER = "$(BUILT_PRODUCTS_DIR)/MusicPlayer.app/MusicPlayer";
				INFOPLIST_FILE = MusicPlayerTests/Info.plist;
				LD_RUNPATH_SEARCH_PATHS = "$(inherited) @executable_path/Frameworks @loader_path/Frameworks";
				PRODUCT_BUNDLE_IDENTIFIER = ios.MusicPlayerTests;
				PRODUCT_NAME = "$(TARGET_NAME)";
				SWIFT_VERSION = 5.0;
				TARGETED_DEVICE_FAMILY = "1,2";
				TEST_HOST = "$(BUNDLE_LOADER)";
			};
			name = Debug;
		};
/* End XCBuildConfiguration section */

/* Begin XCConfigurationList section */
		270A061CF8A41454CD9BA2E7 /* Build configuration list for PBXNativeTarget "MusicPlayerUITests" */ = {
			isa = XCConfigurationList;
			buildConfigurations = (
				270A0A2A1B4D700C313E2862 /* Debug */,
				270A023E186B77E5A6E550BE /* Release */,
			);
			defaultConfigurationIsVisible = 0;
		};
		270A0677838B8C2562D328FF /* Build configuration list for PBXNativeTarget "MusicPlayer" */ = {
			isa = XCConfigurationList;
			buildConfigurations = (
				270A0B2496697C6EFBABA295 /* Debug */,
				270A058D3B81372D9A2604AB /* Release */,
			);
			defaultConfigurationIsVisible = 0;
		};
		270A0691A322C36E8C3ECEB9 /* Build configuration list for PBXNativeTarget "MusicPlayerTests" */ = {
			isa = XCConfigurationList;
			buildConfigurations = (
				270A0DBA8FD2A8BC383CB9FD /* Debug */,
				270A083D0218BACCCC3E2D5A /* Release */,
			);
			defaultConfigurationIsVisible = 0;
		};
		270A0CA15B48957B39CC573E /* Build configuration list for PBXProject "MusicPlayer" */ = {
			isa = XCConfigurationList;
			buildConfigurations = (
				270A0C1B11C0065265273EF2 /* Debug */,
				270A09E1A731E913AB2C9563 /* Release */,
			);
			defaultConfigurationIsVisible = 0;
			defaultConfigurationName = Release;
		};
/* End XCConfigurationList section */
	};
	rootObject = 270A0F7811D37C4531190B81 /* Project object */;
}
